{
  "name": "ab498.github.io",
  "lockfileVersion": 3,
  "requires": true,
  "packages": {
    "": {
      "dependencies": {
        "tree-sitter-cli": "^0.20.8",
        "tree-sitter-wasm-prebuilt": "^0.0.3"
      }
    },
    "node_modules/tree-sitter-cli": {
      "version": "0.20.8",
      "resolved": "https://registry.npmjs.org/tree-sitter-cli/-/tree-sitter-cli-0.20.8.tgz",
      "integrity": "sha512-XjTcS3wdTy/2cc/ptMLc/WRyOLECRYcMTrSWyhZnj1oGSOWbHLTklgsgRICU3cPfb0vy+oZCC33M43u6R1HSCA==",
      "hasInstallScript": true,
      "bin": {
        "tree-sitter": "cli.js"
      }
    },
    "node_modules/tree-sitter-wasm-prebuilt": {
      "version": "0.0.3",
      "resolved": "https://registry.npmjs.org/tree-sitter-wasm-prebuilt/-/tree-sitter-wasm-prebuilt-0.0.3.tgz",
      "integrity": "sha512-asou3mPlm0FqSzXmarzvy9lr4OhokT7shJMfNzmYoLCHHo9xjvWuAtXca0h7b/q6NAREPaC0N6n1VNUzlnO3eA=="
    }
  }
}
